
Microsoft Visual Studio Solution File, Format Version 12.00
# Visual Studio Version 17
VisualStudioVersion = 17.3.32929.385
MinimumVisualStudioVersion = 10.0.40219.1
Project("{FAE04EC0-301F-11D3-BF4B-00C04F79EFBC}") = "XamarinCardGame.Android", "XamarinCardGame\XamarinCardGame.Android\XamarinCardGame.Android.csproj", "{CB87B1BC-6143-4D56-876A-9211801543B9}"
EndProject
Project("{FAE04EC0-301F-11D3-BF4B-00C04F79EFBC}") = "XamarinCardGame.iOS", "XamarinCardGame\XamarinCardGame.iOS\XamarinCardGame.iOS.csproj", "{70FCDC7A-2012-4B0A-A72B-D2224E150F82}"
EndProject
Project("{FAE04EC0-301F-11D3-BF4B-00C04F79EFBC}") = "XamarinCardGame", "XamarinCardGame\XamarinCardGame\XamarinCardGame.csproj", "{5BCEBFF2-BDDA-4506-B08C-544F4A41C56C}"
EndProject
Global
	GlobalSection(SolutionConfigurationPlatforms) = preSolution
		Debug|Any CPU = Debug|Any CPU
		Debug|iPhone = Debug|iPhone
		Debug|iPhoneSimulator = Debug|iPhoneSimulator
		Release|Any CPU = Release|Any CPU
		Release|iPhone = Release|iPhone
		Release|iPhoneSimulator = Release|iPhoneSimulator
	EndGlobalSection
	GlobalSection(ProjectConfigurationPlatforms) = postSolution
		{CB87B1BC-6143-4D56-876A-9211801543B9}.Debug|Any CPU.ActiveCfg = Debug|Any CPU
		{CB87B1BC-6143-4D56-876A-9211801543B9}.Debug|Any CPU.Build.0 = Debug|Any CPU
		{CB87B1BC-6143-4D56-876A-9211801543B9}.Debug|Any CPU.Deploy.0 = Debug|Any CPU
		{CB87B1BC-6143-4D56-876A-9211801543B9}.Debug|iPhone.ActiveCfg = Debug|Any CPU
		{CB87B1BC-6143-4D56-876A-9211801543B9}.Debug|iPhone.Build.0 = Debug|Any CPU
		{CB87B1BC-6143-4D56-876A-9211801543B9}.Debug|iPhone.Deploy.0 = Debug|Any CPU
		{CB87B1BC-6143-4D56-876A-9211801543B9}.Debug|iPhoneSimulator.ActiveCfg = Debug|Any CPU
		{CB87B1BC-6143-4D56-876A-9211801543B9}.Debug|iPhoneSimulator.Build.0 = Debug|Any CPU
		{CB87B1BC-6143-4D56-876A-9211801543B9}.Debug|iPhoneSimulator.Deploy.0 = Debug|Any CPU
		{CB87B1BC-6143-4D56-876A-9211801543B9}.Release|Any CPU.ActiveCfg = Release|Any CPU
		{CB87B1BC-6143-4D56-876A-9211801543B9}.Release|Any CPU.Build.0 = Release|Any CPU
		{CB87B1BC-6143-4D56-876A-9211801543B9}.Release|Any CPU.Deploy.0 = Release|Any CPU
		{CB87B1BC-6143-4D56-876A-9211801543B9}.Release|iPhone.ActiveCfg = Release|Any CPU
		{CB87B1BC-6143-4D56-876A-9211801543B9}.Release|iPhone.Build.0 = Release|Any CPU
		{CB87B1BC-6143-4D56-876A-9211801543B9}.Release|iPhone.Deploy.0 = Release|Any CPU
		{CB87B1BC-6143-4D56-876A-9211801543B9}.Release|iPhoneSimulator.ActiveCfg = Release|Any CPU
		{CB87B1BC-6143-4D56-876A-9211801543B9}.Release|iPhoneSimulator.Build.0 = Release|Any CPU
		{CB87B1BC-6143-4D56-876A-9211801543B9}.Release|iPhoneSimulator.Deploy.0 = Release|Any CPU
		{70FCDC7A-2012-4B0A-A72B-D2224E150F82}.Debug|Any CPU.ActiveCfg = Debug|iPhone
		{70FCDC7A-2012-4B0A-A72B-D2224E150F82}.Debug|Any CPU.Build.0 = Debug|iPhone
		{70FCDC7A-2012-4B0A-A72B-D2224E150F82}.Debug|Any CPU.Deploy.0 = Debug|iPhone
		{70FCDC7A-2012-4B0A-A72B-D2224E150F82}.Debug|iPhone.ActiveCfg = Debug|iPhone
		{70FCDC7A-2012-4B0A-A72B-D2224E150F82}.Debug|iPhone.Build.0 = Debug|iPhone
		{70FCDC7A-2012-4B0A-A72B-D2224E150F82}.Debug|iPhone.Deploy.0 = Debug|iPhone
		{70FCDC7A-2012-4B0A-A72B-D2224E150F82}.Debug|iPhoneSimulator.ActiveCfg = Debug|iPhoneSimulator
		{70FCDC7A-2012-4B0A-A72B-D2224E150F82}.Debug|iPhoneSimulator.Build.0 = Debug|iPhoneSimulator
		{70FCDC7A-2012-4B0A-A72B-D2224E150F82}.Debug|iPhoneSimulator.Deploy.0 = Debug|iPhoneSimulator
		{70FCDC7A-2012-4B0A-A72B-D2224E150F82}.Release|Any CPU.ActiveCfg = Release|iPhoneSimulator
		{70FCDC7A-2012-4B0A-A72B-D2224E150F82}.Release|Any CPU.Build.0 = Release|iPhoneSimulator
		{70FCDC7A-2012-4B0A-A72B-D2224E150F82}.Release|Any CPU.Deploy.0 = Release|iPhoneSimulator
		{70FCDC7A-2012-4B0A-A72B-D2224E150F82}.Release|iPhone.ActiveCfg = Release|iPhone
		{70FCDC7A-2012-4B0A-A72B-D2224E150F82}.Release|iPhone.Build.0 = Release|iPhone
		{70FCDC7A-2012-4B0A-A72B-D2224E150F82}.Release|iPhone.Deploy.0 = Release|iPhone
		{70FCDC7A-2012-4B0A-A72B-D2224E150F82}.Release|iPhoneSimulator.ActiveCfg = Release|iPhoneSimulator
		{70FCDC7A-2012-4B0A-A72B-D2224E150F82}.Release|iPhoneSimulator.Build.0 = Release|iPhoneSimulator
		{70FCDC7A-2012-4B0A-A72B-D2224E150F82}.Release|iPhoneSimulator.Deploy.0 = Release|iPhoneSimulator
		{5BCEBFF2-BDDA-4506-B08C-544F4A41C56C}.Debug|Any CPU.ActiveCfg = Debug|Any CPU
		{5BCEBFF2-BDDA-4506-B08C-544F4A41C56C}.Debug|Any CPU.Build.0 = Debug|Any CPU
		{5BCEBFF2-BDDA-4506-B08C-544F4A41C56C}.Debug|Any CPU.Deploy.0 = Debug|Any CPU
		{5BCEBFF2-BDDA-4506-B08C-544F4A41C56C}.Debug|iPhone.ActiveCfg = Debug|Any CPU
		{5BCEBFF2-BDDA-4506-B08C-544F4A41C56C}.Debug|iPhone.Build.0 = Debug|Any CPU
		{5BCEBFF2-BDDA-4506-B08C-544F4A41C56C}.Debug|iPhone.Deploy.0 = Debug|Any CPU
		{5BCEBFF2-BDDA-4506-B08C-544F4A41C56C}.Debug|iPhoneSimulator.ActiveCfg = Debug|Any CPU
		{5BCEBFF2-BDDA-4506-B08C-544F4A41C56C}.Debug|iPhoneSimulator.Build.0 = Debug|Any CPU
		{5BCEBFF2-BDDA-4506-B08C-544F4A41C56C}.Debug|iPhoneSimulator.Deploy.0 = Debug|Any CPU
		{5BCEBFF2-BDDA-4506-B08C-544F4A41C56C}.Release|Any CPU.ActiveCfg = Release|Any CPU
		{5BCEBFF2-BDDA-4506-B08C-544F4A41C56C}.Release|Any CPU.Build.0 = Release|Any CPU
		{5BCEBFF2-BDDA-4506-B08C-544F4A41C56C}.Release|Any CPU.Deploy.0 = Release|Any CPU
		{5BCEBFF2-BDDA-4506-B08C-544F4A41C56C}.Release|iPhone.ActiveCfg = Release|Any CPU
		{5BCEBFF2-BDDA-4506-B08C-544F4A41C56C}.Release|iPhone.Build.0 = Release|Any CPU
		{5BCEBFF2-BDDA-4506-B08C-544F4A41C56C}.Release|iPhone.Deploy.0 = Release|Any CPU
		{5BCEBFF2-BDDA-4506-B08C-544F4A41C56C}.Release|iPhoneSimulator.ActiveCfg = Release|Any CPU
		{5BCEBFF2-BDDA-4506-B08C-544F4A41C56C}.Release|iPhoneSimulator.Build.0 = Release|Any CPU
		{5BCEBFF2-BDDA-4506-B08C-544F4A41C56C}.Release|iPhoneSimulator.Deploy.0 = Release|Any CPU
	EndGlobalSection
	GlobalSection(SolutionProperties) = preSolution
		HideSolutionNode = FALSE
	EndGlobalSection
	GlobalSection(ExtensibilityGlobals) = postSolution
		SolutionGuid = {22919F19-6349-4BEF-91AC-69351DCBEA06}
	EndGlobalSection
EndGlobal
